
Microsoft Visual Studio Solution File, Format Version 12.00
# Visual Studio 2012
Project("{FAE04EC0-301F-11D3-BF4B-00C04F79EFBC}") = "RiffSharer", "RiffSharer\RiffSharer.csproj", "{13CE9B9E-0A66-4BA9-B770-522B289B0291}"
EndProject
Project("{FAE04EC0-301F-11D3-BF4B-00C04F79EFBC}") = "RiffSharer.iOS", "iOS\RiffSharer.iOS.csproj", "{A108D153-A91E-43BB-BD29-21F7B98983B7}"
EndProject
Project("{FAE04EC0-301F-11D3-BF4B-00C04F79EFBC}") = "RiffSharer.Droid", "Droid\RiffSharer.Droid.csproj", "{81BF3DE9-5433-4EE1-9566-4A9898093B37}"
EndProject
Project("{FAE04EC0-301F-11D3-BF4B-00C04F79EFBC}") = "Supermortal.Common.PCL", "..\Supermortal.Common.PCL\Supermortal.Common.PCL\Supermortal.Common.PCL.csproj", "{48B2B177-BC6F-4D97-B2E9-6BA4C567D1BB}"
EndProject
Project("{FAE04EC0-301F-11D3-BF4B-00C04F79EFBC}") = "Supermortal.Common.Droid.Classes", "..\Supermortal.Common.Droid.Classes\Supermortal.Common.Droid.Classes.csproj", "{B7AD8CA1-E826-4777-BD28-A9C35C225AF7}"
EndProject
Global
	GlobalSection(SolutionConfigurationPlatforms) = preSolution
		Debug|Any CPU = Debug|Any CPU
		Release|Any CPU = Release|Any CPU
		Debug|iPhoneSimulator = Debug|iPhoneSimulator
		Release|iPhone = Release|iPhone
		Release|iPhoneSimulator = Release|iPhoneSimulator
		Debug|iPhone = Debug|iPhone
	EndGlobalSection
	GlobalSection(ProjectConfigurationPlatforms) = postSolution
		{13CE9B9E-0A66-4BA9-B770-522B289B0291}.Debug|Any CPU.ActiveCfg = Debug|Any CPU
		{13CE9B9E-0A66-4BA9-B770-522B289B0291}.Debug|Any CPU.Build.0 = Debug|Any CPU
		{13CE9B9E-0A66-4BA9-B770-522B289B0291}.Debug|iPhone.ActiveCfg = Debug|Any CPU
		{13CE9B9E-0A66-4BA9-B770-522B289B0291}.Debug|iPhone.Build.0 = Debug|Any CPU
		{13CE9B9E-0A66-4BA9-B770-522B289B0291}.Debug|iPhoneSimulator.ActiveCfg = Debug|Any CPU
		{13CE9B9E-0A66-4BA9-B770-522B289B0291}.Debug|iPhoneSimulator.Build.0 = Debug|Any CPU
		{13CE9B9E-0A66-4BA9-B770-522B289B0291}.Release|Any CPU.ActiveCfg = Release|Any CPU
		{13CE9B9E-0A66-4BA9-B770-522B289B0291}.Release|Any CPU.Build.0 = Release|Any CPU
		{13CE9B9E-0A66-4BA9-B770-522B289B0291}.Release|iPhone.ActiveCfg = Release|Any CPU
		{13CE9B9E-0A66-4BA9-B770-522B289B0291}.Release|iPhone.Build.0 = Release|Any CPU
		{13CE9B9E-0A66-4BA9-B770-522B289B0291}.Release|iPhoneSimulator.ActiveCfg = Release|Any CPU
		{13CE9B9E-0A66-4BA9-B770-522B289B0291}.Release|iPhoneSimulator.Build.0 = Release|Any CPU
		{48B2B177-BC6F-4D97-B2E9-6BA4C567D1BB}.Debug|Any CPU.ActiveCfg = Debug|Any CPU
		{48B2B177-BC6F-4D97-B2E9-6BA4C567D1BB}.Debug|Any CPU.Build.0 = Debug|Any CPU
		{48B2B177-BC6F-4D97-B2E9-6BA4C567D1BB}.Debug|iPhone.ActiveCfg = Debug|Any CPU
		{48B2B177-BC6F-4D97-B2E9-6BA4C567D1BB}.Debug|iPhone.Build.0 = Debug|Any CPU
		{48B2B177-BC6F-4D97-B2E9-6BA4C567D1BB}.Debug|iPhoneSimulator.ActiveCfg = Debug|Any CPU
		{48B2B177-BC6F-4D97-B2E9-6BA4C567D1BB}.Debug|iPhoneSimulator.Build.0 = Debug|Any CPU
		{48B2B177-BC6F-4D97-B2E9-6BA4C567D1BB}.Release|Any CPU.ActiveCfg = Release|Any CPU
		{48B2B177-BC6F-4D97-B2E9-6BA4C567D1BB}.Release|Any CPU.Build.0 = Release|Any CPU
		{48B2B177-BC6F-4D97-B2E9-6BA4C567D1BB}.Release|iPhone.ActiveCfg = Release|Any CPU
		{48B2B177-BC6F-4D97-B2E9-6BA4C567D1BB}.Release|iPhone.Build.0 = Release|Any CPU
		{48B2B177-BC6F-4D97-B2E9-6BA4C567D1BB}.Release|iPhoneSimulator.ActiveCfg = Release|Any CPU
		{48B2B177-BC6F-4D97-B2E9-6BA4C567D1BB}.Release|iPhoneSimulator.Build.0 = Release|Any CPU
		{81BF3DE9-5433-4EE1-9566-4A9898093B37}.Debug|Any CPU.ActiveCfg = Debug|Any CPU
		{81BF3DE9-5433-4EE1-9566-4A9898093B37}.Debug|Any CPU.Build.0 = Debug|Any CPU
		{81BF3DE9-5433-4EE1-9566-4A9898093B37}.Debug|iPhone.ActiveCfg = Debug|Any CPU
		{81BF3DE9-5433-4EE1-9566-4A9898093B37}.Debug|iPhone.Build.0 = Debug|Any CPU
		{81BF3DE9-5433-4EE1-9566-4A9898093B37}.Debug|iPhoneSimulator.ActiveCfg = Debug|Any CPU
		{81BF3DE9-5433-4EE1-9566-4A9898093B37}.Debug|iPhoneSimulator.Build.0 = Debug|Any CPU
		{81BF3DE9-5433-4EE1-9566-4A9898093B37}.Release|Any CPU.ActiveCfg = Release|Any CPU
		{81BF3DE9-5433-4EE1-9566-4A9898093B37}.Release|Any CPU.Build.0 = Release|Any CPU
		{81BF3DE9-5433-4EE1-9566-4A9898093B37}.Release|iPhone.ActiveCfg = Release|Any CPU
		{81BF3DE9-5433-4EE1-9566-4A9898093B37}.Release|iPhone.Build.0 = Release|Any CPU
		{81BF3DE9-5433-4EE1-9566-4A9898093B37}.Release|iPhoneSimulator.ActiveCfg = Release|Any CPU
		{81BF3DE9-5433-4EE1-9566-4A9898093B37}.Release|iPhoneSimulator.Build.0 = Release|Any CPU
		{A108D153-A91E-43BB-BD29-21F7B98983B7}.Debug|Any CPU.ActiveCfg = Debug|iPhoneSimulator
		{A108D153-A91E-43BB-BD29-21F7B98983B7}.Debug|Any CPU.Build.0 = Debug|iPhoneSimulator
		{A108D153-A91E-43BB-BD29-21F7B98983B7}.Debug|iPhone.ActiveCfg = Debug|iPhone
		{A108D153-A91E-43BB-BD29-21F7B98983B7}.Debug|iPhone.Build.0 = Debug|iPhone
		{A108D153-A91E-43BB-BD29-21F7B98983B7}.Debug|iPhoneSimulator.ActiveCfg = Debug|iPhoneSimulator
		{A108D153-A91E-43BB-BD29-21F7B98983B7}.Debug|iPhoneSimulator.Build.0 = Debug|iPhoneSimulator
		{A108D153-A91E-43BB-BD29-21F7B98983B7}.Release|Any CPU.ActiveCfg = Release|iPhone
		{A108D153-A91E-43BB-BD29-21F7B98983B7}.Release|Any CPU.Build.0 = Release|iPhone
		{A108D153-A91E-43BB-BD29-21F7B98983B7}.Release|iPhone.ActiveCfg = Release|iPhone
		{A108D153-A91E-43BB-BD29-21F7B98983B7}.Release|iPhone.Build.0 = Release|iPhone
		{A108D153-A91E-43BB-BD29-21F7B98983B7}.Release|iPhoneSimulator.ActiveCfg = Release|iPhoneSimulator
		{A108D153-A91E-43BB-BD29-21F7B98983B7}.Release|iPhoneSimulator.Build.0 = Release|iPhoneSimulator
		{B7AD8CA1-E826-4777-BD28-A9C35C225AF7}.Debug|Any CPU.ActiveCfg = Debug|Any CPU
		{B7AD8CA1-E826-4777-BD28-A9C35C225AF7}.Debug|Any CPU.Build.0 = Debug|Any CPU
		{B7AD8CA1-E826-4777-BD28-A9C35C225AF7}.Debug|iPhone.ActiveCfg = Debug|Any CPU
		{B7AD8CA1-E826-4777-BD28-A9C35C225AF7}.Debug|iPhone.Build.0 = Debug|Any CPU
		{B7AD8CA1-E826-4777-BD28-A9C35C225AF7}.Debug|iPhoneSimulator.ActiveCfg = Debug|Any CPU
		{B7AD8CA1-E826-4777-BD28-A9C35C225AF7}.Debug|iPhoneSimulator.Build.0 = Debug|Any CPU
		{B7AD8CA1-E826-4777-BD28-A9C35C225AF7}.Release|Any CPU.ActiveCfg = Release|Any CPU
		{B7AD8CA1-E826-4777-BD28-A9C35C225AF7}.Release|Any CPU.Build.0 = Release|Any CPU
		{B7AD8CA1-E826-4777-BD28-A9C35C225AF7}.Release|iPhone.ActiveCfg = Release|Any CPU
		{B7AD8CA1-E826-4777-BD28-A9C35C225AF7}.Release|iPhone.Build.0 = Release|Any CPU
		{B7AD8CA1-E826-4777-BD28-A9C35C225AF7}.Release|iPhoneSimulator.ActiveCfg = Release|Any CPU
		{B7AD8CA1-E826-4777-BD28-A9C35C225AF7}.Release|iPhoneSimulator.Build.0 = Release|Any CPU
	EndGlobalSection
EndGlobal
